<Solution>
  <Folder Name="/editorconfig/">
    <File Path=".editorconfig" />
  </Folder>
  <Folder Name="/editorconfig/backend/">
    <File Path="backend/.editorconfig" />
  </Folder>
  <Folder Name="/editorconfig/frontend/">
    <File Path="frontend/.editorconfig" />
  </Folder>
  <Folder Name="/git/">
    <File Path=".gitattributes" />
    <File Path=".gitignore" />
  </Folder>
</Solution>
